
Microsoft Visual Studio Solution File, Format Version 12.00
# Visual Studio Version 17
VisualStudioVersion = 17.10.35013.160
MinimumVisualStudioVersion = 10.0.40219.1
Project("{FAE04EC0-301F-11D3-BF4B-00C04F79EFBC}") = "Jevstafjev.TicTacToe.Server", "Jevstafjev.TicTacToe.Server\Jevstafjev.TicTacToe.Server.csproj", "{A894F8F7-EF26-47BE-833C-5822E512183D}"
EndProject
Global
	GlobalSection(SolutionConfigurationPlatforms) = preSolution
		Debug|Any CPU = Debug|Any CPU
		Release|Any CPU = Release|Any CPU
	EndGlobalSection
	GlobalSection(ProjectConfigurationPlatforms) = postSolution
		{A894F8F7-EF26-47BE-833C-5822E512183D}.Debug|Any CPU.ActiveCfg = Debug|Any CPU
		{A894F8F7-EF26-47BE-833C-5822E512183D}.Debug|Any CPU.Build.0 = Debug|Any CPU
		{A894F8F7-EF26-47BE-833C-5822E512183D}.Release|Any CPU.ActiveCfg = Release|Any CPU
		{A894F8F7-EF26-47BE-833C-5822E512183D}.Release|Any CPU.Build.0 = Release|Any CPU
	EndGlobalSection
	GlobalSection(SolutionProperties) = preSolution
		HideSolutionNode = FALSE
	EndGlobalSection
	GlobalSection(ExtensibilityGlobals) = postSolution
		SolutionGuid = {B29006C3-08E5-4ACB-8B49-E1473F065CDE}
	EndGlobalSection
EndGlobal
